// !$*UTF8*$!
{
	archiveVersion = 1;
	classes = {
	};
	objectVersion = 77;
	objects = {

/* Begin PBXBuildFile section */
		A01500000000000000000001 /* assets in Resources */ = {isa = PBXBuildFile; fileRef = A01500000000000000000002 /* assets */; };
		A00100000000000000000011 /* ConvolutionEngineTests.swift in Sources */ = {isa = PBXBuildFile; fileRef = A00100000000000000000002 /* ConvolutionEngineTests.swift */; };
		A00100000000000000000012 /* RealtimeAudioProcessorTests.swift in Sources */ = {isa = PBXBuildFile; fileRef = A00100000000000000000003 /* RealtimeAudioProcessorTests.swift */; };
		A00100000000000000000013 /* AudioRuntimeStateTests.swift in Sources */ = {isa = PBXBuildFile; fileRef = A00100000000000000000004 /* AudioRuntimeStateTests.swift */; };
		A00100000000000000000014 /* PresetActivationCoordinatorTests.swift in Sources */ = {isa = PBXBuildFile; fileRef = A00100000000000000000005 /* PresetActivationCoordinatorTests.swift */; };
		A00200000000000000000001 /* Sparkle in Frameworks */ = {isa = PBXBuildFile; productRef = A00200000000000000000003 /* Sparkle */; };
		A00200000000000000000005 /* UpdateStateModelTests.swift in Sources */ = {isa = PBXBuildFile; fileRef = A00200000000000000000004 /* UpdateStateModelTests.swift */; };
		A00300000000000000000001 /* AudioPipelineTests.swift in Sources */ = {isa = PBXBuildFile; fileRef = A00300000000000000000002 /* AudioPipelineTests.swift */; };
		A00400000000000000000001 /* CoreAudioPlatformClientTests.swift in Sources */ = {isa = PBXBuildFile; fileRef = A00400000000000000000002 /* CoreAudioPlatformClientTests.swift */; };
		A00500000000000000000001 /* AudioRuntimeControllerTests.swift in Sources */ = {isa = PBXBuildFile; fileRef = A00500000000000000000002 /* AudioRuntimeControllerTests.swift */; };
		A00600000000000000000001 /* ProductSurfaceTests.swift in Sources */ = {isa = PBXBuildFile; fileRef = A00600000000000000000002 /* ProductSurfaceTests.swift */; };
		A00700000000000000000001 /* EqualizerAPOParserTests.swift in Sources */ = {isa = PBXBuildFile; fileRef = A00700000000000000000002 /* EqualizerAPOParserTests.swift */; };
		A00800000000000000000001 /* EqualizerLibraryTests.swift in Sources */ = {isa = PBXBuildFile; fileRef = A00800000000000000000002 /* EqualizerLibraryTests.swift */; };
		A00900000000000000000001 /* ParametricEqualizerProcessorTests.swift in Sources */ = {isa = PBXBuildFile; fileRef = A00900000000000000000002 /* ParametricEqualizerProcessorTests.swift */; };
		A01000000000000000000001 /* AudioEffectGraphTests.swift in Sources */ = {isa = PBXBuildFile; fileRef = A01000000000000000000002 /* AudioEffectGraphTests.swift */; };
		A01100000000000000000001 /* DeviceProfileManagerTests.swift in Sources */ = {isa = PBXBuildFile; fileRef = A01100000000000000000002 /* DeviceProfileManagerTests.swift */; };
		A01200000000000000000001 /* DeviceProfileRuntimeCoordinatorTests.swift in Sources */ = {isa = PBXBuildFile; fileRef = A01200000000000000000002 /* DeviceProfileRuntimeCoordinatorTests.swift */; };
		A01300000000000000000001 /* DeviceProfileManagementTests.swift in Sources */ = {isa = PBXBuildFile; fileRef = A01300000000000000000002 /* DeviceProfileManagementTests.swift */; };
		A01400000000000000000001 /* OutputDeviceDiscoveryCoordinatorTests.swift in Sources */ = {isa = PBXBuildFile; fileRef = A01400000000000000000002 /* OutputDeviceDiscoveryCoordinatorTests.swift */; };
		A01600000000000000000001 /* TapConflictMonitorTests.swift in Sources */ = {isa = PBXBuildFile; fileRef = A01600000000000000000002 /* TapConflictMonitorTests.swift */; };
		A01700000000000000000001 /* PresetLibraryCoordinatorTests.swift in Sources */ = {isa = PBXBuildFile; fileRef = A01700000000000000000002 /* PresetLibraryCoordinatorTests.swift */; };
/* End PBXBuildFile section */

/* Begin PBXContainerItemProxy section */
		A00100000000000000000040 /* PBXContainerItemProxy */ = {
			isa = PBXContainerItemProxy;
			containerPortal = 25B21E762ECCDD9B00FE4B05 /* Project object */;
			proxyType = 1;
			remoteGlobalIDString = 25B21E7D2ECCDD9B00FE4B05;
			remoteInfo = Airwave;
		};
/* End PBXContainerItemProxy section */

/* Begin PBXFileReference section */
		A01500000000000000000002 /* assets */ = {isa = PBXFileReference; lastKnownFileType = folder; path = assets; sourceTree = "<group>"; };
		25B21E7E2ECCDD9B00FE4B05 /* Airwave.app */ = {isa = PBXFileReference; explicitFileType = wrapper.application; includeInIndex = 0; path = Airwave.app; sourceTree = BUILT_PRODUCTS_DIR; };
		A00100000000000000000001 /* AirwaveTests.xctest */ = {isa = PBXFileReference; explicitFileType = wrapper.cfbundle; includeInIndex = 0; path = AirwaveTests.xctest; sourceTree = BUILT_PRODUCTS_DIR; };
		A00100000000000000000002 /* ConvolutionEngineTests.swift */ = {isa = PBXFileReference; lastKnownFileType = sourcecode.swift; path = ConvolutionEngineTests.swift; sourceTree = "<group>"; };
		A00100000000000000000003 /* RealtimeAudioProcessorTests.swift */ = {isa = PBXFileReference; lastKnownFileType = sourcecode.swift; path = RealtimeAudioProcessorTests.swift; sourceTree = "<group>"; };
		A00100000000000000000004 /* AudioRuntimeStateTests.swift */ = {isa = PBXFileReference; lastKnownFileType = sourcecode.swift; path = AudioRuntimeStateTests.swift; sourceTree = "<group>"; };
		A00100000000000000000005 /* PresetActivationCoordinatorTests.swift */ = {isa = PBXFileReference; lastKnownFileType = sourcecode.swift; path = PresetActivationCoordinatorTests.swift; sourceTree = "<group>"; };
		A00200000000000000000004 /* UpdateStateModelTests.swift */ = {isa = PBXFileReference; lastKnownFileType = sourcecode.swift; path = UpdateStateModelTests.swift; sourceTree = "<group>"; };
		A00300000000000000000002 /* AudioPipelineTests.swift */ = {isa = PBXFileReference; lastKnownFileType = sourcecode.swift; path = AudioPipelineTests.swift; sourceTree = "<group>"; };
		A00400000000000000000002 /* CoreAudioPlatformClientTests.swift */ = {isa = PBXFileReference; lastKnownFileType = sourcecode.swift; path = CoreAudioPlatformClientTests.swift; sourceTree = "<group>"; };
		A00500000000000000000002 /* AudioRuntimeControllerTests.swift */ = {isa = PBXFileReference; lastKnownFileType = sourcecode.swift; path = AudioRuntimeControllerTests.swift; sourceTree = "<group>"; };
		A00600000000000000000002 /* ProductSurfaceTests.swift */ = {isa = PBXFileReference; lastKnownFileType = sourcecode.swift; path = ProductSurfaceTests.swift; sourceTree = "<group>"; };
		A00700000000000000000002 /* EqualizerAPOParserTests.swift */ = {isa = PBXFileReference; lastKnownFileType = sourcecode.swift; path = EqualizerAPOParserTests.swift; sourceTree = "<group>"; };
		A00800000000000000000002 /* EqualizerLibraryTests.swift */ = {isa = PBXFileReference; lastKnownFileType = sourcecode.swift; path = EqualizerLibraryTests.swift; sourceTree = "<group>"; };
		A00900000000000000000002 /* ParametricEqualizerProcessorTests.swift */ = {isa = PBXFileReference; lastKnownFileType = sourcecode.swift; path = ParametricEqualizerProcessorTests.swift; sourceTree = "<group>"; };
		A01000000000000000000002 /* AudioEffectGraphTests.swift */ = {isa = PBXFileReference; lastKnownFileType = sourcecode.swift; path = AudioEffectGraphTests.swift; sourceTree = "<group>"; };
		A01100000000000000000002 /* DeviceProfileManagerTests.swift */ = {isa = PBXFileReference; lastKnownFileType = sourcecode.swift; path = DeviceProfileManagerTests.swift; sourceTree = "<group>"; };
		A01200000000000000000002 /* DeviceProfileRuntimeCoordinatorTests.swift */ = {isa = PBXFileReference; lastKnownFileType = sourcecode.swift; path = DeviceProfileRuntimeCoordinatorTests.swift; sourceTree = "<group>"; };
		A01300000000000000000002 /* DeviceProfileManagementTests.swift */ = {isa = PBXFileReference; lastKnownFileType = sourcecode.swift; path = DeviceProfileManagementTests.swift; sourceTree = "<group>"; };
		A01400000000000000000002 /* OutputDeviceDiscoveryCoordinatorTests.swift */ = {isa = PBXFileReference; lastKnownFileType = sourcecode.swift; path = OutputDeviceDiscoveryCoordinatorTests.swift; sourceTree = "<group>"; };
		A01600000000000000000002 /* TapConflictMonitorTests.swift */ = {isa = PBXFileReference; lastKnownFileType = sourcecode.swift; path = TapConflictMonitorTests.swift; sourceTree = "<group>"; };
		A01700000000000000000002 /* PresetLibraryCoordinatorTests.swift */ = {isa = PBXFileReference; lastKnownFileType = sourcecode.swift; path = PresetLibraryCoordinatorTests.swift; sourceTree = "<group>"; };
/* End PBXFileReference section */

/* Begin PBXFileSystemSynchronizedBuildFileExceptionSet section */
		A00200000000000000000006 /* Exceptions for "Airwave" folder in "Airwave" target */ = {
			isa = PBXFileSystemSynchronizedBuildFileExceptionSet;
			membershipExceptions = (
				Info.plist,
			);
			target = 25B21E7D2ECCDD9B00FE4B05 /* Airwave */;
		};
/* End PBXFileSystemSynchronizedBuildFileExceptionSet section */

/* Begin PBXFileSystemSynchronizedRootGroup section */
		25B21E802ECCDD9B00FE4B05 /* Airwave */ = {
			isa = PBXFileSystemSynchronizedRootGroup;
			exceptions = (
				A00200000000000000000006 /* Exceptions for "Airwave" folder in "Airwave" target */,
			);
			path = Airwave;
			sourceTree = "<group>";
		};
/* End PBXFileSystemSynchronizedRootGroup section */

/* Begin PBXFrameworksBuildPhase section */
		25B21E7B2ECCDD9B00FE4B05 /* Frameworks */ = {
			isa = PBXFrameworksBuildPhase;
			buildActionMask = 2147483647;
			files = (
				A00200000000000000000001 /* Sparkle in Frameworks */,
			);
			runOnlyForDeploymentPostprocessing = 0;
		};
		A00100000000000000000031 /* Frameworks */ = {
			isa = PBXFrameworksBuildPhase;
			buildActionMask = 2147483647;
			files = (
			);
			runOnlyForDeploymentPostprocessing = 0;
		};
/* End PBXFrameworksBuildPhase section */

/* Begin PBXGroup section */
		25B21E752ECCDD9B00FE4B05 = {
			isa = PBXGroup;
			children = (
				A01500000000000000000002 /* assets */,
				25B21E802ECCDD9B00FE4B05 /* Airwave */,
				A00100000000000000000020 /* AirwaveTests */,
				25B21E7F2ECCDD9B00FE4B05 /* Products */,
			);
			sourceTree = "<group>";
		};
		25B21E7F2ECCDD9B00FE4B05 /* Products */ = {
			isa = PBXGroup;
			children = (
				25B21E7E2ECCDD9B00FE4B05 /* Airwave.app */,
				A00100000000000000000001 /* AirwaveTests.xctest */,
			);
			name = Products;
			sourceTree = "<group>";
		};
		A00100000000000000000020 /* AirwaveTests */ = {
			isa = PBXGroup;
			children = (
				A00100000000000000000002 /* ConvolutionEngineTests.swift */,
				A00100000000000000000003 /* RealtimeAudioProcessorTests.swift */,
				A00100000000000000000004 /* AudioRuntimeStateTests.swift */,
				A00100000000000000000005 /* PresetActivationCoordinatorTests.swift */,
				A00200000000000000000004 /* UpdateStateModelTests.swift */,
				A00300000000000000000002 /* AudioPipelineTests.swift */,
				A00500000000000000000002 /* AudioRuntimeControllerTests.swift */,
				A00400000000000000000002 /* CoreAudioPlatformClientTests.swift */,
				A00600000000000000000002 /* ProductSurfaceTests.swift */,
				A00700000000000000000002 /* EqualizerAPOParserTests.swift */,
				A00800000000000000000002 /* EqualizerLibraryTests.swift */,
				A00900000000000000000002 /* ParametricEqualizerProcessorTests.swift */,
				A01000000000000000000002 /* AudioEffectGraphTests.swift */,
				A01100000000000000000002 /* DeviceProfileManagerTests.swift */,
				A01200000000000000000002 /* DeviceProfileRuntimeCoordinatorTests.swift */,
				A01300000000000000000002 /* DeviceProfileManagementTests.swift */,
				A01400000000000000000002 /* OutputDeviceDiscoveryCoordinatorTests.swift */,
				A01600000000000000000002 /* TapConflictMonitorTests.swift */,
				A01700000000000000000002 /* PresetLibraryCoordinatorTests.swift */,
			);
			path = AirwaveTests;
			sourceTree = "<group>";
		};
/* End PBXGroup section */

/* Begin PBXNativeTarget section */
		25B21E7D2ECCDD9B00FE4B05 /* Airwave */ = {
			isa = PBXNativeTarget;
			buildConfigurationList = 25B21E892ECCDD9C00FE4B05 /* Build configuration list for PBXNativeTarget "Airwave" */;
			buildPhases = (
				25B21E7A2ECCDD9B00FE4B05 /* Sources */,
				25B21E7B2ECCDD9B00FE4B05 /* Frameworks */,
				25B21E7C2ECCDD9B00FE4B05 /* Resources */,
			);
			buildRules = (
			);
			dependencies = (
			);
			fileSystemSynchronizedGroups = (
				25B21E802ECCDD9B00FE4B05 /* Airwave */,
			);
			name = Airwave;
			packageProductDependencies = (
				A00200000000000000000003 /* Sparkle */,
			);
			productName = Airwave;
			productReference = 25B21E7E2ECCDD9B00FE4B05 /* Airwave.app */;
			productType = "com.apple.product-type.application";
		};
		A00100000000000000000050 /* AirwaveTests */ = {
			isa = PBXNativeTarget;
			buildConfigurationList = A00100000000000000000062 /* Build configuration list for PBXNativeTarget "AirwaveTests" */;
			buildPhases = (
				A00100000000000000000030 /* Sources */,
				A00100000000000000000031 /* Frameworks */,
				A00100000000000000000032 /* Resources */,
			);
			buildRules = (
			);
			dependencies = (
				A00100000000000000000041 /* PBXTargetDependency */,
			);
			name = AirwaveTests;
			productName = AirwaveTests;
			productReference = A00100000000000000000001 /* AirwaveTests.xctest */;
			productType = "com.apple.product-type.bundle.unit-test";
		};
/* End PBXNativeTarget section */

/* Begin PBXProject section */
		25B21E762ECCDD9B00FE4B05 /* Project object */ = {
			isa = PBXProject;
			attributes = {
				BuildIndependentTargetsInParallel = 1;
				LastSwiftUpdateCheck = 2610;
				LastUpgradeCheck = 2620;
				TargetAttributes = {
					25B21E7D2ECCDD9B00FE4B05 = {
						CreatedOnToolsVersion = 26.1.1;
					};
					A00100000000000000000050 = {
						CreatedOnToolsVersion = 26.1.1;
						TestTargetID = 25B21E7D2ECCDD9B00FE4B05;
					};
				};
			};
			buildConfigurationList = 25B21E792ECCDD9B00FE4B05 /* Build configuration list for PBXProject "Airwave" */;
			developmentRegion = en;
			hasScannedForEncodings = 0;
			knownRegions = (
				en,
				Base,
			);
			mainGroup = 25B21E752ECCDD9B00FE4B05;
			minimizedProjectReferenceProxies = 1;
			packageReferences = (
				A00200000000000000000002 /* XCRemoteSwiftPackageReference "Sparkle" */,
			);
			preferredProjectObjectVersion = 77;
			productRefGroup = 25B21E7F2ECCDD9B00FE4B05 /* Products */;
			projectDirPath = "";
			projectRoot = "";
			targets = (
				25B21E7D2ECCDD9B00FE4B05 /* Airwave */,
				A00100000000000000000050 /* AirwaveTests */,
			);
		};
/* End PBXProject section */

/* Begin PBXResourcesBuildPhase section */
		25B21E7C2ECCDD9B00FE4B05 /* Resources */ = {
			isa = PBXResourcesBuildPhase;
			buildActionMask = 2147483647;
			files = (
				A01500000000000000000001 /* assets in Resources */,
			);
			runOnlyForDeploymentPostprocessing = 0;
		};
		A00100000000000000000032 /* Resources */ = {
			isa = PBXResourcesBuildPhase;
			buildActionMask = 2147483647;
			files = (
			);
			runOnlyForDeploymentPostprocessing = 0;
		};
/* End PBXResourcesBuildPhase section */

/* Begin PBXSourcesBuildPhase section */
		25B21E7A2ECCDD9B00FE4B05 /* Sources */ = {
			isa = PBXSourcesBuildPhase;
			buildActionMask = 2147483647;
			files = (
			);
			runOnlyForDeploymentPostprocessing = 0;
		};
		A00100000000000000000030 /* Sources */ = {
			isa = PBXSourcesBuildPhase;
			buildActionMask = 2147483647;
			files = (
				A00100000000000000000011 /* ConvolutionEngineTests.swift in Sources */,
				A00100000000000000000012 /* RealtimeAudioProcessorTests.swift in Sources */,
				A00100000000000000000013 /* AudioRuntimeStateTests.swift in Sources */,
				A00100000000000000000014 /* PresetActivationCoordinatorTests.swift in Sources */,
				A00200000000000000000005 /* UpdateStateModelTests.swift in Sources */,
				A00300000000000000000001 /* AudioPipelineTests.swift in Sources */,
				A00500000000000000000001 /* AudioRuntimeControllerTests.swift in Sources */,
				A00400000000000000000001 /* CoreAudioPlatformClientTests.swift in Sources */,
				A00600000000000000000001 /* ProductSurfaceTests.swift in Sources */,
				A00700000000000000000001 /* EqualizerAPOParserTests.swift in Sources */,
				A00800000000000000000001 /* EqualizerLibraryTests.swift in Sources */,
				A00900000000000000000001 /* ParametricEqualizerProcessorTests.swift in Sources */,
				A01000000000000000000001 /* AudioEffectGraphTests.swift in Sources */,
				A01100000000000000000001 /* DeviceProfileManagerTests.swift in Sources */,
				A01200000000000000000001 /* DeviceProfileRuntimeCoordinatorTests.swift in Sources */,
				A01300000000000000000001 /* DeviceProfileManagementTests.swift in Sources */,
				A01400000000000000000001 /* OutputDeviceDiscoveryCoordinatorTests.swift in Sources */,
				A01600000000000000000001 /* TapConflictMonitorTests.swift in Sources */,
				A01700000000000000000001 /* PresetLibraryCoordinatorTests.swift in Sources */,
			);
			runOnlyForDeploymentPostprocessing = 0;
		};
/* End PBXSourcesBuildPhase section */

/* Begin PBXTargetDependency section */
		A00100000000000000000041 /* PBXTargetDependency */ = {
			isa = PBXTargetDependency;
			target = 25B21E7D2ECCDD9B00FE4B05 /* Airwave */;
			targetProxy = A00100000000000000000040 /* PBXContainerItemProxy */;
		};
/* End PBXTargetDependency section */

/* Begin XCBuildConfiguration section */
		25B21E872ECCDD9C00FE4B05 /* Debug */ = {
			isa = XCBuildConfiguration;
			buildSettings = {
				ALWAYS_SEARCH_USER_PATHS = NO;
				ASSETCATALOG_COMPILER_GENERATE_SWIFT_ASSET_SYMBOL_EXTENSIONS = YES;
				CLANG_ANALYZER_NONNULL = YES;
				CLANG_ANALYZER_NUMBER_OBJECT_CONVERSION = YES_AGGRESSIVE;
				CLANG_CXX_LANGUAGE_STANDARD = "gnu++20";
				CLANG_ENABLE_MODULES = YES;
				CLANG_ENABLE_OBJC_ARC = YES;
				CLANG_ENABLE_OBJC_WEAK = YES;
				CLANG_WARN_BLOCK_CAPTURE_AUTORELEASING = YES;
				CLANG_WARN_BOOL_CONVERSION = YES;
				CLANG_WARN_COMMA = YES;
				CLANG_WARN_CONSTANT_CONVERSION = YES;
				CLANG_WARN_DEPRECATED_OBJC_IMPLEMENTATIONS = YES;
				CLANG_WARN_DIRECT_OBJC_ISA_USAGE = YES_ERROR;
				CLANG_WARN_DOCUMENTATION_COMMENTS = YES;
				CLANG_WARN_EMPTY_BODY = YES;
				CLANG_WARN_ENUM_CONVERSION = YES;
				CLANG_WARN_INFINITE_RECURSION = YES;
				CLANG_WARN_INT_CONVERSION = YES;
				CLANG_WARN_NON_LITERAL_NULL_CONVERSION = YES;
				CLANG_WARN_OBJC_IMPLICIT_RETAIN_SELF = YES;
				CLANG_WARN_OBJC_LITERAL_CONVERSION = YES;
				CLANG_WARN_OBJC_ROOT_CLASS = YES_ERROR;
				CLANG_WARN_QUOTED_INCLUDE_IN_FRAMEWORK_HEADER = YES;
				CLANG_WARN_RANGE_LOOP_ANALYSIS = YES;
				CLANG_WARN_STRICT_PROTOTYPES = YES;
				CLANG_WARN_SUSPICIOUS_MOVE = YES;
				CLANG_WARN_UNGUARDED_AVAILABILITY = YES_AGGRESSIVE;
				CLANG_WARN_UNREACHABLE_CODE = YES;
				CLANG_WARN__DUPLICATE_METHOD_MATCH = YES;
				COPY_PHASE_STRIP = NO;
				DEAD_CODE_STRIPPING = YES;
				DEBUG_INFORMATION_FORMAT = dwarf;
				ENABLE_STRICT_OBJC_MSGSEND = YES;
				ENABLE_TESTABILITY = YES;
				ENABLE_USER_SCRIPT_SANDBOXING = YES;
				GCC_C_LANGUAGE_STANDARD = gnu17;
				GCC_DYNAMIC_NO_PIC = NO;
				GCC_NO_COMMON_BLOCKS = YES;
				GCC_OPTIMIZATION_LEVEL = 0;
				GCC_PREPROCESSOR_DEFINITIONS = (
					"DEBUG=1",
					"$(inherited)",
				);
				GCC_WARN_64_TO_32_BIT_CONVERSION = YES;
				GCC_WARN_ABOUT_RETURN_TYPE = YES_ERROR;
				GCC_WARN_UNDECLARED_SELECTOR = YES;
				GCC_WARN_UNINITIALIZED_AUTOS = YES_AGGRESSIVE;
				GCC_WARN_UNUSED_FUNCTION = YES;
				GCC_WARN_UNUSED_VARIABLE = YES;
				LOCALIZATION_PREFERS_STRING_CATALOGS = YES;
				MACOSX_DEPLOYMENT_TARGET = 15.0;
				MTL_ENABLE_DEBUG_INFO = INCLUDE_SOURCE;
				MTL_FAST_MATH = YES;
				ONLY_ACTIVE_ARCH = YES;
				SDKROOT = macosx;
				STRING_CATALOG_GENERATE_SYMBOLS = YES;
				SWIFT_ACTIVE_COMPILATION_CONDITIONS = "DEBUG $(inherited)";
				SWIFT_OPTIMIZATION_LEVEL = "-Onone";
			};
			name = Debug;
		};
		25B21E882ECCDD9C00FE4B05 /* Release */ = {
			isa = XCBuildConfiguration;
			buildSettings = {
				ALWAYS_SEARCH_USER_PATHS = NO;
				ASSETCATALOG_COMPILER_GENERATE_SWIFT_ASSET_SYMBOL_EXTENSIONS = YES;
				CLANG_ANALYZER_NONNULL = YES;
				CLANG_ANALYZER_NUMBER_OBJECT_CONVERSION = YES_AGGRESSIVE;
				CLANG_CXX_LANGUAGE_STANDARD = "gnu++20";
				CLANG_ENABLE_MODULES = YES;
				CLANG_ENABLE_OBJC_ARC = YES;
				CLANG_ENABLE_OBJC_WEAK = YES;
				CLANG_WARN_BLOCK_CAPTURE_AUTORELEASING = YES;
				CLANG_WARN_BOOL_CONVERSION = YES;
				CLANG_WARN_COMMA = YES;
				CLANG_WARN_CONSTANT_CONVERSION = YES;
				CLANG_WARN_DEPRECATED_OBJC_IMPLEMENTATIONS = YES;
				CLANG_WARN_DIRECT_OBJC_ISA_USAGE = YES_ERROR;
				CLANG_WARN_DOCUMENTATION_COMMENTS = YES;
				CLANG_WARN_EMPTY_BODY = YES;
				CLANG_WARN_ENUM_CONVERSION = YES;
				CLANG_WARN_INFINITE_RECURSION = YES;
				CLANG_WARN_INT_CONVERSION = YES;
				CLANG_WARN_NON_LITERAL_NULL_CONVERSION = YES;
				CLANG_WARN_OBJC_IMPLICIT_RETAIN_SELF = YES;
				CLANG_WARN_OBJC_LITERAL_CONVERSION = YES;
				CLANG_WARN_OBJC_ROOT_CLASS = YES_ERROR;
				CLANG_WARN_QUOTED_INCLUDE_IN_FRAMEWORK_HEADER = YES;
				CLANG_WARN_RANGE_LOOP_ANALYSIS = YES;
				CLANG_WARN_STRICT_PROTOTYPES = YES;
				CLANG_WARN_SUSPICIOUS_MOVE = YES;
				CLANG_WARN_UNGUARDED_AVAILABILITY = YES_AGGRESSIVE;
				CLANG_WARN_UNREACHABLE_CODE = YES;
				CLANG_WARN__DUPLICATE_METHOD_MATCH = YES;
				COPY_PHASE_STRIP = NO;
				DEAD_CODE_STRIPPING = YES;
				DEBUG_INFORMATION_FORMAT = "dwarf-with-dsym";
				ENABLE_NS_ASSERTIONS = NO;
				ENABLE_STRICT_OBJC_MSGSEND = YES;
				ENABLE_USER_SCRIPT_SANDBOXING = YES;
				GCC_C_LANGUAGE_STANDARD = gnu17;
				GCC_NO_COMMON_BLOCKS = YES;
				GCC_WARN_64_TO_32_BIT_CONVERSION = YES;
				GCC_WARN_ABOUT_RETURN_TYPE = YES_ERROR;
				GCC_WARN_UNDECLARED_SELECTOR = YES;
				GCC_WARN_UNINITIALIZED_AUTOS = YES_AGGRESSIVE;
				GCC_WARN_UNUSED_FUNCTION = YES;
				GCC_WARN_UNUSED_VARIABLE = YES;
				LOCALIZATION_PREFERS_STRING_CATALOGS = YES;
				MACOSX_DEPLOYMENT_TARGET = 15.0;
				MTL_ENABLE_DEBUG_INFO = NO;
				MTL_FAST_MATH = YES;
				SDKROOT = macosx;
				STRING_CATALOG_GENERATE_SYMBOLS = YES;
				SWIFT_COMPILATION_MODE = wholemodule;
			};
			name = Release;
		};
		25B21E8A2ECCDD9C00FE4B05 /* Debug */ = {
			isa = XCBuildConfiguration;
			buildSettings = {
				ASSETCATALOG_COMPILER_APPICON_NAME = AppIcon;
				ASSETCATALOG_COMPILER_INCLUDE_ALL_APPICON_ASSETS = NO;
				AUTOMATION_APPLE_EVENTS = NO;
				CODE_SIGN_ENTITLEMENTS = Airwave/Airwave.entitlements;
				CODE_SIGN_IDENTITY = "Apple Development";
				"CODE_SIGN_IDENTITY[sdk=macosx*]" = "-";
				CODE_SIGN_STYLE = Automatic;
				COMBINE_HIDPI_IMAGES = YES;
				CURRENT_PROJECT_VERSION = 2000000;
				DEAD_CODE_STRIPPING = YES;
				DEVELOPMENT_TEAM = "";
				ENABLE_APP_SANDBOX = YES;
				ENABLE_HARDENED_RUNTIME = YES;
				ENABLE_INCOMING_NETWORK_CONNECTIONS = NO;
				ENABLE_OUTGOING_NETWORK_CONNECTIONS = YES;
				ENABLE_PREVIEWS = YES;
				ENABLE_RESOURCE_ACCESS_AUDIO_INPUT = NO;
				ENABLE_RESOURCE_ACCESS_BLUETOOTH = NO;
				ENABLE_RESOURCE_ACCESS_CALENDARS = NO;
				ENABLE_RESOURCE_ACCESS_CAMERA = NO;
				ENABLE_RESOURCE_ACCESS_CONTACTS = NO;
				ENABLE_RESOURCE_ACCESS_LOCATION = NO;
				ENABLE_RESOURCE_ACCESS_PHOTO_LIBRARY = NO;
				ENABLE_RESOURCE_ACCESS_PRINTING = NO;
				ENABLE_RESOURCE_ACCESS_USB = NO;
				ENABLE_USER_SELECTED_FILES = readonly;
				GENERATE_INFOPLIST_FILE = NO;
				INFOPLIST_FILE = Airwave/Info.plist;
				INFOPLIST_KEY_LSApplicationCategoryType = "public.app-category.utilities";
				INFOPLIST_KEY_LSUIElement = YES;
				INFOPLIST_KEY_NSHumanReadableCopyright = "";
				LD_RUNPATH_SEARCH_PATHS = (
					"$(inherited)",
					"@executable_path/../Frameworks",
				);
				MACOSX_DEPLOYMENT_TARGET = 15.0;
				MARKETING_VERSION = 2.0.0;
				PRODUCT_BUNDLE_IDENTIFIER = com.southneuhof.Airwave;
				PRODUCT_NAME = "$(TARGET_NAME)";
				PROVISIONING_PROFILE_SPECIFIER = "";
				REGISTER_APP_GROUPS = YES;
				RUNTIME_EXCEPTION_ALLOW_DYLD_ENVIRONMENT_VARIABLES = NO;
				RUNTIME_EXCEPTION_ALLOW_JIT = NO;
				RUNTIME_EXCEPTION_ALLOW_UNSIGNED_EXECUTABLE_MEMORY = NO;
				RUNTIME_EXCEPTION_DEBUGGING_TOOL = NO;
				RUNTIME_EXCEPTION_DISABLE_EXECUTABLE_PAGE_PROTECTION = NO;
				RUNTIME_EXCEPTION_DISABLE_LIBRARY_VALIDATION = NO;
				STRING_CATALOG_GENERATE_SYMBOLS = YES;
				SWIFT_ACTIVE_COMPILATION_CONDITIONS = "${inherited}";
				SWIFT_APPROACHABLE_CONCURRENCY = YES;
				SWIFT_DEFAULT_ACTOR_ISOLATION = MainActor;
				SWIFT_EMIT_LOC_STRINGS = YES;
				SWIFT_UPCOMING_FEATURE_MEMBER_IMPORT_VISIBILITY = YES;
				SWIFT_VERSION = 5.0;
			};
			name = Debug;
		};
		25B21E8B2ECCDD9C00FE4B05 /* Release */ = {
			isa = XCBuildConfiguration;
			buildSettings = {
				ASSETCATALOG_COMPILER_APPICON_NAME = AppIcon;
				ASSETCATALOG_COMPILER_INCLUDE_ALL_APPICON_ASSETS = NO;
				AUTOMATION_APPLE_EVENTS = NO;
				CODE_SIGN_ENTITLEMENTS = Airwave/AirwaveRelease.entitlements;
				CODE_SIGN_IDENTITY = "Apple Development";
				"CODE_SIGN_IDENTITY[sdk=macosx*]" = "-";
				CODE_SIGN_STYLE = Automatic;
				COMBINE_HIDPI_IMAGES = YES;
				CURRENT_PROJECT_VERSION = 2000000;
				DEAD_CODE_STRIPPING = YES;
				DEVELOPMENT_TEAM = "";
				ENABLE_APP_SANDBOX = YES;
				ENABLE_HARDENED_RUNTIME = YES;
				ENABLE_INCOMING_NETWORK_CONNECTIONS = NO;
				ENABLE_OUTGOING_NETWORK_CONNECTIONS = YES;
				ENABLE_PREVIEWS = YES;
				ENABLE_RESOURCE_ACCESS_AUDIO_INPUT = NO;
				ENABLE_RESOURCE_ACCESS_BLUETOOTH = NO;
				ENABLE_RESOURCE_ACCESS_CALENDARS = NO;
				ENABLE_RESOURCE_ACCESS_CAMERA = NO;
				ENABLE_RESOURCE_ACCESS_CONTACTS = NO;
				ENABLE_RESOURCE_ACCESS_LOCATION = NO;
				ENABLE_RESOURCE_ACCESS_PHOTO_LIBRARY = NO;
				ENABLE_RESOURCE_ACCESS_PRINTING = NO;
				ENABLE_RESOURCE_ACCESS_USB = NO;
				ENABLE_USER_SELECTED_FILES = readonly;
				GENERATE_INFOPLIST_FILE = NO;
				INFOPLIST_FILE = Airwave/Info.plist;
				INFOPLIST_KEY_LSApplicationCategoryType = "public.app-category.utilities";
				INFOPLIST_KEY_LSUIElement = YES;
				INFOPLIST_KEY_NSHumanReadableCopyright = "";
				LD_RUNPATH_SEARCH_PATHS = (
					"$(inherited)",
					"@executable_path/../Frameworks",
				);
				MACOSX_DEPLOYMENT_TARGET = 15.0;
				MARKETING_VERSION = 2.0.0;
				PRODUCT_BUNDLE_IDENTIFIER = com.southneuhof.Airwave;
				PRODUCT_NAME = "$(TARGET_NAME)";
				PROVISIONING_PROFILE_SPECIFIER = "";
				REGISTER_APP_GROUPS = YES;
				RUNTIME_EXCEPTION_ALLOW_DYLD_ENVIRONMENT_VARIABLES = NO;
				RUNTIME_EXCEPTION_ALLOW_JIT = NO;
				RUNTIME_EXCEPTION_ALLOW_UNSIGNED_EXECUTABLE_MEMORY = NO;
				RUNTIME_EXCEPTION_DEBUGGING_TOOL = NO;
				RUNTIME_EXCEPTION_DISABLE_EXECUTABLE_PAGE_PROTECTION = NO;
				RUNTIME_EXCEPTION_DISABLE_LIBRARY_VALIDATION = NO;
				STRING_CATALOG_GENERATE_SYMBOLS = YES;
				SWIFT_ACTIVE_COMPILATION_CONDITIONS = "${inherited}";
				SWIFT_APPROACHABLE_CONCURRENCY = YES;
				SWIFT_DEFAULT_ACTOR_ISOLATION = MainActor;
				SWIFT_EMIT_LOC_STRINGS = YES;
				SWIFT_UPCOMING_FEATURE_MEMBER_IMPORT_VISIBILITY = YES;
				SWIFT_VERSION = 5.0;
			};
			name = Release;
		};
		A00100000000000000000060 /* Debug */ = {
			isa = XCBuildConfiguration;
			buildSettings = {
				BUNDLE_LOADER = "$(TEST_HOST)";
				CODE_SIGNING_ALLOWED = NO;
				CODE_SIGN_IDENTITY = "";
				GENERATE_INFOPLIST_FILE = YES;
				MACOSX_DEPLOYMENT_TARGET = 15.0;
				PRODUCT_BUNDLE_IDENTIFIER = com.southneuhof.AirwaveTests;
				PRODUCT_NAME = "$(TARGET_NAME)";
				SWIFT_VERSION = 5.0;
				TEST_HOST = "$(BUILT_PRODUCTS_DIR)/Airwave.app/Contents/MacOS/Airwave";
			};
			name = Debug;
		};
		A00100000000000000000061 /* Release */ = {
			isa = XCBuildConfiguration;
			buildSettings = {
				BUNDLE_LOADER = "$(TEST_HOST)";
				CODE_SIGNING_ALLOWED = NO;
				CODE_SIGN_IDENTITY = "";
				GENERATE_INFOPLIST_FILE = YES;
				MACOSX_DEPLOYMENT_TARGET = 15.0;
				PRODUCT_BUNDLE_IDENTIFIER = com.southneuhof.AirwaveTests;
				PRODUCT_NAME = "$(TARGET_NAME)";
				SWIFT_VERSION = 5.0;
				TEST_HOST = "$(BUILT_PRODUCTS_DIR)/Airwave.app/Contents/MacOS/Airwave";
			};
			name = Release;
		};
/* End XCBuildConfiguration section */

/* Begin XCConfigurationList section */
		25B21E792ECCDD9B00FE4B05 /* Build configuration list for PBXProject "Airwave" */ = {
			isa = XCConfigurationList;
			buildConfigurations = (
				25B21E872ECCDD9C00FE4B05 /* Debug */,
				25B21E882ECCDD9C00FE4B05 /* Release */,
			);
			defaultConfigurationIsVisible = 0;
			defaultConfigurationName = Release;
		};
		25B21E892ECCDD9C00FE4B05 /* Build configuration list for PBXNativeTarget "Airwave" */ = {
			isa = XCConfigurationList;
			buildConfigurations = (
				25B21E8A2ECCDD9C00FE4B05 /* Debug */,
				25B21E8B2ECCDD9C00FE4B05 /* Release */,
			);
			defaultConfigurationIsVisible = 0;
			defaultConfigurationName = Release;
		};
		A00100000000000000000062 /* Build configuration list for PBXNativeTarget "AirwaveTests" */ = {
			isa = XCConfigurationList;
			buildConfigurations = (
				A00100000000000000000060 /* Debug */,
				A00100000000000000000061 /* Release */,
			);
			defaultConfigurationIsVisible = 0;
			defaultConfigurationName = Release;
		};
/* End XCConfigurationList section */

/* Begin XCRemoteSwiftPackageReference section */
		A00200000000000000000002 /* XCRemoteSwiftPackageReference "Sparkle" */ = {
			isa = XCRemoteSwiftPackageReference;
			repositoryURL = "https://github.com/sparkle-project/Sparkle";
			requirement = {
				kind = exactVersion;
				version = 2.9.2;
			};
		};
/* End XCRemoteSwiftPackageReference section */

/* Begin XCSwiftPackageProductDependency section */
		A00200000000000000000003 /* Sparkle */ = {
			isa = XCSwiftPackageProductDependency;
			package = A00200000000000000000002 /* XCRemoteSwiftPackageReference "Sparkle" */;
			productName = Sparkle;
		};
/* End XCSwiftPackageProductDependency section */
	};
	rootObject = 25B21E762ECCDD9B00FE4B05 /* Project object */;
}
